// !$*UTF8*$!
{
	archiveVersion = 1;
	classes = {
	};
	objectVersion = 46;
	objects = {

/* Begin PBXBuildFile section */
		5DBF49E114FD765800B92BA9 /* AppBg.png in Resources */ = {isa = PBXBuildFile; fileRef = 5DBF49E014FD765800B92BA9 /* AppBg.png */; };
		C905243E14F985F000D62E24 /* UIKit.framework in Frameworks */ = {isa = PBXBuildFile; fileRef = C905243D14F985F000D62E24 /* UIKit.framework */; };
		C905244014F985F000D62E24 /* Foundation.framework in Frameworks */ = {isa = PBXBuildFile; fileRef = C905243F14F985F000D62E24 /* Foundation.framework */; };
		C905244214F985F000D62E24 /* CoreGraphics.framework in Frameworks */ = {isa = PBXBuildFile; fileRef = C905244114F985F000D62E24 /* CoreGraphics.framework */; };
		C905244814F985F000D62E24 /* InfoPlist.strings in Resources */ = {isa = PBXBuildFile; fileRef = C905244614F985F000D62E24 /* InfoPlist.strings */; };
		C905244A14F985F000D62E24 /* main.m in Sources */ = {isa = PBXBuildFile; fileRef = C905244914F985F000D62E24 /* main.m */; };
		C905244E14F985F000D62E24 /* testdelegateAppDelegate.m in Sources */ = {isa = PBXBuildFile; fileRef = C905244D14F985F000D62E24 /* testdelegateAppDelegate.m */; };
		C905245714F9860B00D62E24 /* HomeViewController.m in Sources */ = {isa = PBXBuildFile; fileRef = C905245514F9860B00D62E24 /* HomeViewController.m */; };
		C905245814F9860B00D62E24 /* HomeViewController.xib in Resources */ = {isa = PBXBuildFile; fileRef = C905245614F9860B00D62E24 /* HomeViewController.xib */; };
		C905245D14F98A1F00D62E24 /* SearchResultViewController.m in Sources */ = {isa = PBXBuildFile; fileRef = C905245B14F98A1F00D62E24 /* SearchResultViewController.m */; };
		C905245E14F98A1F00D62E24 /* SearchResultViewController.xib in Resources */ = {isa = PBXBuildFile; fileRef = C905245C14F98A1F00D62E24 /* SearchResultViewController.xib */; };
		C905246614F98A9000D62E24 /* ModalController.m in Sources */ = {isa = PBXBuildFile; fileRef = C905246414F98A9000D62E24 /* ModalController.m */; };
		C905247514F98C2000D62E24 /* NSObject+SBJSON.m in Sources */ = {isa = PBXBuildFile; fileRef = C905246A14F98C1E00D62E24 /* NSObject+SBJSON.m */; settings = {COMPILER_FLAGS = "-fno-objc-arc"; }; };
		C905247614F98C2000D62E24 /* NSString+SBJSON.m in Sources */ = {isa = PBXBuildFile; fileRef = C905246C14F98C1F00D62E24 /* NSString+SBJSON.m */; settings = {COMPILER_FLAGS = "-fno-objc-arc"; }; };
		C905247714F98C2000D62E24 /* SBJSON.m in Sources */ = {isa = PBXBuildFile; fileRef = C905246E14F98C1F00D62E24 /* SBJSON.m */; settings = {COMPILER_FLAGS = "-fno-objc-arc"; }; };
		C905247814F98C2000D62E24 /* SBJsonBase.m in Sources */ = {isa = PBXBuildFile; fileRef = C905247014F98C1F00D62E24 /* SBJsonBase.m */; settings = {COMPILER_FLAGS = "-fno-objc-arc"; }; };
		C905247914F98C2000D62E24 /* SBJsonParser.m in Sources */ = {isa = PBXBuildFile; fileRef = C905247214F98C1F00D62E24 /* SBJsonParser.m */; settings = {COMPILER_FLAGS = "-fno-objc-arc"; }; };
		C905247A14F98C2000D62E24 /* SBJsonWriter.m in Sources */ = {isa = PBXBuildFile; fileRef = C905247414F98C2000D62E24 /* SBJsonWriter.m */; settings = {COMPILER_FLAGS = "-fno-objc-arc"; }; };
		C905247E14F98CF400D62E24 /* MBProgressHUD.m in Sources */ = {isa = PBXBuildFile; fileRef = C905247D14F98CF400D62E24 /* MBProgressHUD.m */; settings = {COMPILER_FLAGS = "-fno-objc-arc"; }; };
		C905248614F99C9200D62E24 /* JSONKit.m in Sources */ = {isa = PBXBuildFile; fileRef = C905248514F99C9200D62E24 /* JSONKit.m */; settings = {COMPILER_FLAGS = "-fno-objc-arc"; }; };
		C90524AE14F9A0B300D62E24 /* CDataScanner.m in Sources */ = {isa = PBXBuildFile; fileRef = C905249714F9A0B300D62E24 /* CDataScanner.m */; settings = {COMPILER_FLAGS = "-fno-objc-arc"; }; };
		C90524AF14F9A0B300D62E24 /* CFilteringJSONSerializer.m in Sources */ = {isa = PBXBuildFile; fileRef = C905249A14F9A0B300D62E24 /* CFilteringJSONSerializer.m */; settings = {COMPILER_FLAGS = "-fno-objc-arc"; }; };
		C90524B014F9A0B300D62E24 /* CJSONDeserializer_BlocksExtensions.m in Sources */ = {isa = PBXBuildFile; fileRef = C905249C14F9A0B300D62E24 /* CJSONDeserializer_BlocksExtensions.m */; settings = {COMPILER_FLAGS = "-fno-objc-arc"; }; };
		C90524B114F9A0B300D62E24 /* CJSONSerialization.m in Sources */ = {isa = PBXBuildFile; fileRef = C905249E14F9A0B300D62E24 /* CJSONSerialization.m */; settings = {COMPILER_FLAGS = "-fno-objc-arc"; }; };
		C90524B214F9A0B300D62E24 /* CJSONSerializedData.m in Sources */ = {isa = PBXBuildFile; fileRef = C90524A014F9A0B300D62E24 /* CJSONSerializedData.m */; settings = {COMPILER_FLAGS = "-fno-objc-arc"; }; };
		C90524B314F9A0B300D62E24 /* CDataScanner_Extensions.m in Sources */ = {isa = PBXBuildFile; fileRef = C90524A314F9A0B300D62E24 /* CDataScanner_Extensions.m */; settings = {COMPILER_FLAGS = "-fno-objc-arc"; }; };
		C90524B414F9A0B300D62E24 /* NSDictionary_JSONExtensions.m in Sources */ = {isa = PBXBuildFile; fileRef = C90524A514F9A0B300D62E24 /* NSDictionary_JSONExtensions.m */; settings = {COMPILER_FLAGS = "-fno-objc-arc"; }; };
		C90524B514F9A0B300D62E24 /* CJSONDeserializer.m in Sources */ = {isa = PBXBuildFile; fileRef = C90524A814F9A0B300D62E24 /* CJSONDeserializer.m */; settings = {COMPILER_FLAGS = "-fno-objc-arc"; }; };
		C90524B614F9A0B300D62E24 /* CJSONScanner.m in Sources */ = {isa = PBXBuildFile; fileRef = C90524AA14F9A0B300D62E24 /* CJSONScanner.m */; settings = {COMPILER_FLAGS = "-fno-objc-arc"; }; };
		C90524B714F9A0B300D62E24 /* CJSONSerializer.m in Sources */ = {isa = PBXBuildFile; fileRef = C90524AC14F9A0B300D62E24 /* CJSONSerializer.m */; settings = {COMPILER_FLAGS = "-fno-objc-arc"; }; };
		C98BCC9D14FA137100E1E9F7 /* searchCell.m in Sources */ = {isa = PBXBuildFile; fileRef = C98BCC9C14FA137100E1E9F7 /* searchCell.m */; };
		C98BCC9F14FA138800E1E9F7 /* searchCell.xib in Resources */ = {isa = PBXBuildFile; fileRef = C98BCC9E14FA138800E1E9F7 /* searchCell.xib */; };
		C98BCCAA14FA14BE00E1E9F7 /* EGOCache.m in Sources */ = {isa = PBXBuildFile; fileRef = C98BCCA114FA14BE00E1E9F7 /* EGOCache.m */; settings = {COMPILER_FLAGS = "-fno-objc-arc"; }; };
		C98BCCAB14FA14BE00E1E9F7 /* EGOImageLoader.m in Sources */ = {isa = PBXBuildFile; fileRef = C98BCCA414FA14BE00E1E9F7 /* EGOImageLoader.m */; settings = {COMPILER_FLAGS = "-fno-objc-arc"; }; };
		C98BCCAC14FA14BE00E1E9F7 /* EGOImageLoadConnection.m in Sources */ = {isa = PBXBuildFile; fileRef = C98BCCA614FA14BE00E1E9F7 /* EGOImageLoadConnection.m */; settings = {COMPILER_FLAGS = "-fno-objc-arc"; }; };
		C98BCCAD14FA14BE00E1E9F7 /* EGOImageButton.m in Sources */ = {isa = PBXBuildFile; fileRef = C98BCCA714FA14BE00E1E9F7 /* EGOImageButton.m */; settings = {COMPILER_FLAGS = "-fno-objc-arc"; }; };
		C98BCCAE14FA14BE00E1E9F7 /* EGOImageView.m in Sources */ = {isa = PBXBuildFile; fileRef = C98BCCA914FA14BE00E1E9F7 /* EGOImageView.m */; settings = {COMPILER_FLAGS = "-fno-objc-arc"; }; };
		C98BCCB214FA2BFA00E1E9F7 /* place_holder_small.jpg in Resources */ = {isa = PBXBuildFile; fileRef = C98BCCB114FA2BFA00E1E9F7 /* place_holder_small.jpg */; };
		C98BCCBB14FA2DF900E1E9F7 /* PropertyDescViewController.m in Sources */ = {isa = PBXBuildFile; fileRef = C98BCCB914FA2DF900E1E9F7 /* PropertyDescViewController.m */; settings = {COMPILER_FLAGS = "-fno-objc-arc"; }; };
		C98BCCBC14FA2DF900E1E9F7 /* PropertyDescViewController.xib in Resources */ = {isa = PBXBuildFile; fileRef = C98BCCBA14FA2DF900E1E9F7 /* PropertyDescViewController.xib */; };
		C98BCCBF14FA2EB600E1E9F7 /* PlaceHolder.png in Resources */ = {isa = PBXBuildFile; fileRef = C98BCCBE14FA2EB600E1E9F7 /* PlaceHolder.png */; };
		C98BCCC414FA3B8000E1E9F7 /* MessageUI.framework in Frameworks */ = {isa = PBXBuildFile; fileRef = C98BCCC314FA3B8000E1E9F7 /* MessageUI.framework */; };
		C9B7D9C514FBDBFE003B6B8F /* SVGeocoder.m in Sources */ = {isa = PBXBuildFile; fileRef = C9B7D9C214FBDBFE003B6B8F /* SVGeocoder.m */; settings = {COMPILER_FLAGS = "-fno-objc-arc"; }; };
		C9B7D9C614FBDBFE003B6B8F /* SVPlacemark.m in Sources */ = {isa = PBXBuildFile; fileRef = C9B7D9C414FBDBFE003B6B8F /* SVPlacemark.m */; settings = {COMPILER_FLAGS = "-fno-objc-arc"; }; };
		C9B7D9C814FBDCB5003B6B8F /* location.jpg in Resources */ = {isa = PBXBuildFile; fileRef = C9B7D9C714FBDCB5003B6B8F /* location.jpg */; };
		C9B7D9CE14FBE0C1003B6B8F /* AddressBook.framework in Frameworks */ = {isa = PBXBuildFile; fileRef = C9B7D9CD14FBE0C1003B6B8F /* AddressBook.framework */; };
		C9B7D9D214FC0D95003B6B8F /* BroucherViewController.m in Sources */ = {isa = PBXBuildFile; fileRef = C9B7D9D014FC0D94003B6B8F /* BroucherViewController.m */; };
		C9B7D9D314FC0D95003B6B8F /* BroucherViewController.xib in Resources */ = {isa = PBXBuildFile; fileRef = C9B7D9D114FC0D94003B6B8F /* BroucherViewController.xib */; };
		C9B7D9D814FC3736003B6B8F /* DetailViewController.m in Sources */ = {isa = PBXBuildFile; fileRef = C9B7D9D614FC3736003B6B8F /* DetailViewController.m */; settings = {COMPILER_FLAGS = "-fno-objc-arc"; }; };
		C9B7D9D914FC3736003B6B8F /* DetailViewController.xib in Resources */ = {isa = PBXBuildFile; fileRef = C9B7D9D714FC3736003B6B8F /* DetailViewController.xib */; };
		C9C92931150215890005EB67 /* SearchPattren.m in Sources */ = {isa = PBXBuildFile; fileRef = C9C92930150215890005EB67 /* SearchPattren.m */; };
		C9CB203415014F430014AD72 /* SavedSearchesViewController.m in Sources */ = {isa = PBXBuildFile; fileRef = C9CB203215014F430014AD72 /* SavedSearchesViewController.m */; };
		C9CB203515014F430014AD72 /* SavedSearchesViewController.xib in Resources */ = {isa = PBXBuildFile; fileRef = C9CB203315014F430014AD72 /* SavedSearchesViewController.xib */; };
		C9CB203A150153470014AD72 /* SavedSearches.m in Sources */ = {isa = PBXBuildFile; fileRef = C9CB2039150153470014AD72 /* SavedSearches.m */; };
		C9CB203D1501536F0014AD72 /* SavedSearches.xib in Resources */ = {isa = PBXBuildFile; fileRef = C9CB203C1501536F0014AD72 /* SavedSearches.xib */; };
		C9DE44B114FE9E0F00E13B30 /* RefineSearchViewController.m in Sources */ = {isa = PBXBuildFile; fileRef = C9DE44AF14FE9E0F00E13B30 /* RefineSearchViewController.m */; };
		C9DE44B214FE9E0F00E13B30 /* RefineSearchViewController.xib in Resources */ = {isa = PBXBuildFile; fileRef = C9DE44B014FE9E0F00E13B30 /* RefineSearchViewController.xib */; };
		C9E136C914FA5AA60016F018 /* cellDescpImg.m in Sources */ = {isa = PBXBuildFile; fileRef = C9E136C814FA5AA60016F018 /* cellDescpImg.m */; };
		C9E136CC14FA5ADA0016F018 /* cellDescpImg.xib in Resources */ = {isa = PBXBuildFile; fileRef = C9E136CB14FA5ADA0016F018 /* cellDescpImg.xib */; };
		C9E136DD14FA72970016F018 /* cellSummary.m in Sources */ = {isa = PBXBuildFile; fileRef = C9E136DC14FA72970016F018 /* cellSummary.m */; };
		C9E136DF14FA72AC0016F018 /* cellSummary.xib in Resources */ = {isa = PBXBuildFile; fileRef = C9E136DE14FA72AC0016F018 /* cellSummary.xib */; };
		C9E136E214FA7F690016F018 /* cellMapView.m in Sources */ = {isa = PBXBuildFile; fileRef = C9E136E114FA7F690016F018 /* cellMapView.m */; };
		C9E136E514FA7F910016F018 /* cellMapView.xib in Resources */ = {isa = PBXBuildFile; fileRef = C9E136E414FA7F910016F018 /* cellMapView.xib */; };
		C9E136EB14FA81CA0016F018 /* CoreLocation.framework in Frameworks */ = {isa = PBXBuildFile; fileRef = C9E136EA14FA81CA0016F018 /* CoreLocation.framework */; };
		C9E136ED14FA81D00016F018 /* MapKit.framework in Frameworks */ = {isa = PBXBuildFile; fileRef = C9E136EC14FA81D00016F018 /* MapKit.framework */; };
		C9E136F814FA87AC0016F018 /* MyAnnotation.m in Sources */ = {isa = PBXBuildFile; fileRef = C9E136F714FA87AC0016F018 /* MyAnnotation.m */; };
		C9E136FB14FA8A4C0016F018 /* iCodeBlogAnnotationView.m in Sources */ = {isa = PBXBuildFile; fileRef = C9E136FA14FA8A4B0016F018 /* iCodeBlogAnnotationView.m */; };
		C9E1370214FA99410016F018 /* cellShowPhotos.m in Sources */ = {isa = PBXBuildFile; fileRef = C9E1370114FA99400016F018 /* cellShowPhotos.m */; };
		C9E1370514FA996B0016F018 /* cellShowPhotos.xib in Resources */ = {isa = PBXBuildFile; fileRef = C9E1370414FA996B0016F018 /* cellShowPhotos.xib */; };
		C9E1370C14FABBD70016F018 /* cellAgent.m in Sources */ = {isa = PBXBuildFile; fileRef = C9E1370B14FABBD70016F018 /* cellAgent.m */; };
		C9E1370F14FABBFA0016F018 /* cellAgent.xib in Resources */ = {isa = PBXBuildFile; fileRef = C9E1370E14FABBFA0016F018 /* cellAgent.xib */; };
/* End PBXBuildFile section */

/* Begin PBXFileReference section */
		5DBF49E014FD765800B92BA9 /* AppBg.png */ = {isa = PBXFileReference; lastKnownFileType = image.png; path = AppBg.png; sourceTree = "<group>"; };
		C905243914F985F000D62E24 /* PropertyApp.app */ = {isa = PBXFileReference; explicitFileType = wrapper.application; includeInIndex = 0; path = PropertyApp.app; sourceTree = BUILT_PRODUCTS_DIR; };
		C905243D14F985F000D62E24 /* UIKit.framework */ = {isa = PBXFileReference; lastKnownFileType = wrapper.framework; name = UIKit.framework; path = System/Library/Frameworks/UIKit.framework; sourceTree = SDKROOT; };
		C905243F14F985F000D62E24 /* Foundation.framework */ = {isa = PBXFileReference; lastKnownFileType = wrapper.framework; name = Foundation.framework; path = System/Library/Frameworks/Foundation.framework; sourceTree = SDKROOT; };
		C905244114F985F000D62E24 /* CoreGraphics.framework */ = {isa = PBXFileReference; lastKnownFileType = wrapper.framework; name = CoreGraphics.framework; path = System/Library/Frameworks/CoreGraphics.framework; sourceTree = SDKROOT; };
		C905244514F985F000D62E24 /* PropertyApp-Info.plist */ = {isa = PBXFileReference; lastKnownFileType = text.plist.xml; path = "PropertyApp-Info.plist"; sourceTree = "<group>"; };
		C905244714F985F000D62E24 /* en */ = {isa = PBXFileReference; lastKnownFileType = text.plist.strings; name = en; path = en.lproj/InfoPlist.strings; sourceTree = "<group>"; };
		C905244914F985F000D62E24 /* main.m */ = {isa = PBXFileReference; lastKnownFileType = sourcecode.c.objc; path = main.m; sourceTree = "<group>"; };
		C905244B14F985F000D62E24 /* PropertyApp-Prefix.pch */ = {isa = PBXFileReference; lastKnownFileType = sourcecode.c.h; path = "PropertyApp-Prefix.pch"; sourceTree = "<group>"; };
		C905244C14F985F000D62E24 /* testdelegateAppDelegate.h */ = {isa = PBXFileReference; lastKnownFileType = sourcecode.c.h; path = testdelegateAppDelegate.h; sourceTree = "<group>"; };
		C905244D14F985F000D62E24 /* testdelegateAppDelegate.m */ = {isa = PBXFileReference; lastKnownFileType = sourcecode.c.objc; path = testdelegateAppDelegate.m; sourceTree = "<group>"; };
		C905245414F9860B00D62E24 /* HomeViewController.h */ = {isa = PBXFileReference; fileEncoding = 4; lastKnownFileType = sourcecode.c.h; path = HomeViewController.h; sourceTree = "<group>"; };
		C905245514F9860B00D62E24 /* HomeViewController.m */ = {isa = PBXFileReference; fileEncoding = 4; lastKnownFileType = sourcecode.c.objc; path = HomeViewController.m; sourceTree = "<group>"; };
		C905245614F9860B00D62E24 /* HomeViewController.xib */ = {isa = PBXFileReference; fileEncoding = 4; lastKnownFileType = file.xib; path = HomeViewController.xib; sourceTree = "<group>"; };
		C905245A14F98A1F00D62E24 /* SearchResultViewController.h */ = {isa = PBXFileReference; fileEncoding = 4; lastKnownFileType = sourcecode.c.h; path = SearchResultViewController.h; sourceTree = "<group>"; };
		C905245B14F98A1F00D62E24 /* SearchResultViewController.m */ = {isa = PBXFileReference; fileEncoding = 4; lastKnownFileType = sourcecode.c.objc; path = SearchResultViewController.m; sourceTree = "<group>"; };
		C905245C14F98A1F00D62E24 /* SearchResultViewController.xib */ = {isa = PBXFileReference; fileEncoding = 4; lastKnownFileType = file.xib; path = SearchResultViewController.xib; sourceTree = "<group>"; };
		C905246414F98A9000D62E24 /* ModalController.m */ = {isa = PBXFileReference; fileEncoding = 4; lastKnownFileType = sourcecode.c.objc; path = ModalController.m; sourceTree = "<group>"; };
		C905246514F98A9000D62E24 /* ModalController.h */ = {isa = PBXFileReference; fileEncoding = 4; lastKnownFileType = sourcecode.c.h; path = ModalController.h; sourceTree = "<group>"; };
		C905246814F98C1E00D62E24 /* JSON.h */ = {isa = PBXFileReference; fileEncoding = 4; lastKnownFileType = sourcecode.c.h; path = JSON.h; sourceTree = "<group>"; };
		C905246914F98C1E00D62E24 /* NSObject+SBJSON.h */ = {isa = PBXFileReference; fileEncoding = 4; lastKnownFileType = sourcecode.c.h; path = "NSObject+SBJSON.h"; sourceTree = "<group>"; };
		C905246A14F98C1E00D62E24 /* NSObject+SBJSON.m */ = {isa = PBXFileReference; fileEncoding = 4; lastKnownFileType = sourcecode.c.objc; path = "NSObject+SBJSON.m"; sourceTree = "<group>"; };
		C905246B14F98C1F00D62E24 /* NSString+SBJSON.h */ = {isa = PBXFileReference; fileEncoding = 4; lastKnownFileType = sourcecode.c.h; path = "NSString+SBJSON.h"; sourceTree = "<group>"; };
		C905246C14F98C1F00D62E24 /* NSString+SBJSON.m */ = {isa = PBXFileReference; fileEncoding = 4; lastKnownFileType = sourcecode.c.objc; path = "NSString+SBJSON.m"; sourceTree = "<group>"; };
		C905246D14F98C1F00D62E24 /* SBJSON.h */ = {isa = PBXFileReference; fileEncoding = 4; lastKnownFileType = sourcecode.c.h; path = SBJSON.h; sourceTree = "<group>"; };
		C905246E14F98C1F00D62E24 /* SBJSON.m */ = {isa = PBXFileReference; fileEncoding = 4; lastKnownFileType = sourcecode.c.objc; path = SBJSON.m; sourceTree = "<group>"; };
		C905246F14F98C1F00D62E24 /* SBJsonBase.h */ = {isa = PBXFileReference; fileEncoding = 4; lastKnownFileType = sourcecode.c.h; path = SBJsonBase.h; sourceTree = "<group>"; };
		C905247014F98C1F00D62E24 /* SBJsonBase.m */ = {isa = PBXFileReference; fileEncoding = 4; lastKnownFileType = sourcecode.c.objc; path = SBJsonBase.m; sourceTree = "<group>"; };
		C905247114F98C1F00D62E24 /* SBJsonParser.h */ = {isa = PBXFileReference; fileEncoding = 4; lastKnownFileType = sourcecode.c.h; path = SBJsonParser.h; sourceTree = "<group>"; };
		C905247214F98C1F00D62E24 /* SBJsonParser.m */ = {isa = PBXFileReference; fileEncoding = 4; lastKnownFileType = sourcecode.c.objc; path = SBJsonParser.m; sourceTree = "<group>"; };
		C905247314F98C2000D62E24 /* SBJsonWriter.h */ = {isa = PBXFileReference; fileEncoding = 4; lastKnownFileType = sourcecode.c.h; path = SBJsonWriter.h; sourceTree = "<group>"; };
		C905247414F98C2000D62E24 /* SBJsonWriter.m */ = {isa = PBXFileReference; fileEncoding = 4; lastKnownFileType = sourcecode.c.objc; path = SBJsonWriter.m; sourceTree = "<group>"; };
		C905247C14F98CF400D62E24 /* MBProgressHUD.h */ = {isa = PBXFileReference; fileEncoding = 4; lastKnownFileType = sourcecode.c.h; path = MBProgressHUD.h; sourceTree = "<group>"; };
		C905247D14F98CF400D62E24 /* MBProgressHUD.m */ = {isa = PBXFileReference; fileEncoding = 4; lastKnownFileType = sourcecode.c.objc; path = MBProgressHUD.m; sourceTree = "<group>"; };
		C905248414F99C9100D62E24 /* JSONKit.h */ = {isa = PBXFileReference; fileEncoding = 4; lastKnownFileType = sourcecode.c.h; path = JSONKit.h; sourceTree = "<group>"; };
		C905248514F99C9200D62E24 /* JSONKit.m */ = {isa = PBXFileReference; fileEncoding = 4; lastKnownFileType = sourcecode.c.objc; path = JSONKit.m; sourceTree = "<group>"; };
		C905249614F9A0B300D62E24 /* CDataScanner.h */ = {isa = PBXFileReference; fileEncoding = 4; lastKnownFileType = sourcecode.c.h; path = CDataScanner.h; sourceTree = "<group>"; };
		C905249714F9A0B300D62E24 /* CDataScanner.m */ = {isa = PBXFileReference; fileEncoding = 4; lastKnownFileType = sourcecode.c.objc; path = CDataScanner.m; sourceTree = "<group>"; };
		C905249914F9A0B300D62E24 /* CFilteringJSONSerializer.h */ = {isa = PBXFileReference; fileEncoding = 4; lastKnownFileType = sourcecode.c.h; path = CFilteringJSONSerializer.h; sourceTree = "<group>"; };
		C905249A14F9A0B300D62E24 /* CFilteringJSONSerializer.m */ = {isa = PBXFileReference; fileEncoding = 4; lastKnownFileType = sourcecode.c.objc; path = CFilteringJSONSerializer.m; sourceTree = "<group>"; };
		C905249B14F9A0B300D62E24 /* CJSONDeserializer_BlocksExtensions.h */ = {isa = PBXFileReference; fileEncoding = 4; lastKnownFileType = sourcecode.c.h; path = CJSONDeserializer_BlocksExtensions.h; sourceTree = "<group>"; };
		C905249C14F9A0B300D62E24 /* CJSONDeserializer_BlocksExtensions.m */ = {isa = PBXFileReference; fileEncoding = 4; lastKnownFileType = sourcecode.c.objc; path = CJSONDeserializer_BlocksExtensions.m; sourceTree = "<group>"; };
		C905249D14F9A0B300D62E24 /* CJSONSerialization.h */ = {isa = PBXFileReference; fileEncoding = 4; lastKnownFileType = sourcecode.c.h; path = CJSONSerialization.h; sourceTree = "<group>"; };
		C905249E14F9A0B300D62E24 /* CJSONSerialization.m */ = {isa = PBXFileReference; fileEncoding = 4; lastKnownFileType = sourcecode.c.objc; path = CJSONSerialization.m; sourceTree = "<group>"; };
		C905249F14F9A0B300D62E24 /* CJSONSerializedData.h */ = {isa = PBXFileReference; fileEncoding = 4; lastKnownFileType = sourcecode.c.h; path = CJSONSerializedData.h; sourceTree = "<group>"; };
		C90524A014F9A0B300D62E24 /* CJSONSerializedData.m */ = {isa = PBXFileReference; fileEncoding = 4; lastKnownFileType = sourcecode.c.objc; path = CJSONSerializedData.m; sourceTree = "<group>"; };
		C90524A214F9A0B300D62E24 /* CDataScanner_Extensions.h */ = {isa = PBXFileReference; fileEncoding = 4; lastKnownFileType = sourcecode.c.h; path = CDataScanner_Extensions.h; sourceTree = "<group>"; };
		C90524A314F9A0B300D62E24 /* CDataScanner_Extensions.m */ = {isa = PBXFileReference; fileEncoding = 4; lastKnownFileType = sourcecode.c.objc; path = CDataScanner_Extensions.m; sourceTree = "<group>"; };
		C90524A414F9A0B300D62E24 /* NSDictionary_JSONExtensions.h */ = {isa = PBXFileReference; fileEncoding = 4; lastKnownFileType = sourcecode.c.h; path = NSDictionary_JSONExtensions.h; sourceTree = "<group>"; };
		C90524A514F9A0B300D62E24 /* NSDictionary_JSONExtensions.m */ = {isa = PBXFileReference; fileEncoding = 4; lastKnownFileType = sourcecode.c.objc; path = NSDictionary_JSONExtensions.m; sourceTree = "<group>"; };
		C90524A714F9A0B300D62E24 /* CJSONDeserializer.h */ = {isa = PBXFileReference; fileEncoding = 4; lastKnownFileType = sourcecode.c.h; path = CJSONDeserializer.h; sourceTree = "<group>"; };
		C90524A814F9A0B300D62E24 /* CJSONDeserializer.m */ = {isa = PBXFileReference; fileEncoding = 4; lastKnownFileType = sourcecode.c.objc; path = CJSONDeserializer.m; sourceTree = "<group>"; };
		C90524A914F9A0B300D62E24 /* CJSONScanner.h */ = {isa = PBXFileReference; fileEncoding = 4; lastKnownFileType = sourcecode.c.h; path = CJSONScanner.h; sourceTree = "<group>"; };
		C90524AA14F9A0B300D62E24 /* CJSONScanner.m */ = {isa = PBXFileReference; fileEncoding = 4; lastKnownFileType = sourcecode.c.objc; path = CJSONScanner.m; sourceTree = "<group>"; };
		C90524AB14F9A0B300D62E24 /* CJSONSerializer.h */ = {isa = PBXFileReference; fileEncoding = 4; lastKnownFileType = sourcecode.c.h; path = CJSONSerializer.h; sourceTree = "<group>"; };
		C90524AC14F9A0B300D62E24 /* CJSONSerializer.m */ = {isa = PBXFileReference; fileEncoding = 4; lastKnownFileType = sourcecode.c.objc; path = CJSONSerializer.m; sourceTree = "<group>"; };
		C90524AD14F9A0B300D62E24 /* JSONRepresentation.h */ = {isa = PBXFileReference; fileEncoding = 4; lastKnownFileType = sourcecode.c.h; path = JSONRepresentation.h; sourceTree = "<group>"; };
		C98BCC9414FA0F4000E1E9F7 /* constants.h */ = {isa = PBXFileReference; fileEncoding = 4; lastKnownFileType = sourcecode.c.h; path = constants.h; sourceTree = "<group>"; };
		C98BCC9B14FA137100E1E9F7 /* searchCell.h */ = {isa = PBXFileReference; fileEncoding = 4; lastKnownFileType = sourcecode.c.h; path = searchCell.h; sourceTree = "<group>"; };
		C98BCC9C14FA137100E1E9F7 /* searchCell.m */ = {isa = PBXFileReference; fileEncoding = 4; lastKnownFileType = sourcecode.c.objc; path = searchCell.m; sourceTree = "<group>"; };
		C98BCC9E14FA138800E1E9F7 /* searchCell.xib */ = {isa = PBXFileReference; fileEncoding = 4; lastKnownFileType = file.xib; path = searchCell.xib; sourceTree = "<group>"; };
		C98BCCA014FA14BE00E1E9F7 /* EGOCache.h */ = {isa = PBXFileReference; fileEncoding = 4; lastKnownFileType = sourcecode.c.h; path = EGOCache.h; sourceTree = "<group>"; };
		C98BCCA114FA14BE00E1E9F7 /* EGOCache.m */ = {isa = PBXFileReference; fileEncoding = 4; lastKnownFileType = sourcecode.c.objc; path = EGOCache.m; sourceTree = "<group>"; };
		C98BCCA214FA14BE00E1E9F7 /* EGOImageButton.h */ = {isa = PBXFileReference; fileEncoding = 4; lastKnownFileType = sourcecode.c.h; path = EGOImageButton.h; sourceTree = "<group>"; };
		C98BCCA314FA14BE00E1E9F7 /* EGOImageLoader.h */ = {isa = PBXFileReference; fileEncoding = 4; lastKnownFileType = sourcecode.c.h; path = EGOImageLoader.h; sourceTree = "<group>"; };
		C98BCCA414FA14BE00E1E9F7 /* EGOImageLoader.m */ = {isa = PBXFileReference; fileEncoding = 4; lastKnownFileType = sourcecode.c.objc; path = EGOImageLoader.m; sourceTree = "<group>"; };
		C98BCCA514FA14BE00E1E9F7 /* EGOImageLoadConnection.h */ = {isa = PBXFileReference; fileEncoding = 4; lastKnownFileType = sourcecode.c.h; path = EGOImageLoadConnection.h; sourceTree = "<group>"; };
		C98BCCA614FA14BE00E1E9F7 /* EGOImageLoadConnection.m */ = {isa = PBXFileReference; fileEncoding = 4; lastKnownFileType = sourcecode.c.objc; path = EGOImageLoadConnection.m; sourceTree = "<group>"; };
		C98BCCA714FA14BE00E1E9F7 /* EGOImageButton.m */ = {isa = PBXFileReference; fileEncoding = 4; lastKnownFileType = sourcecode.c.objc; path = EGOImageButton.m; sourceTree = "<group>"; };
		C98BCCA814FA14BE00E1E9F7 /* EGOImageView.h */ = {isa = PBXFileReference; fileEncoding = 4; lastKnownFileType = sourcecode.c.h; path = EGOImageView.h; sourceTree = "<group>"; };
		C98BCCA914FA14BE00E1E9F7 /* EGOImageView.m */ = {isa = PBXFileReference; fileEncoding = 4; lastKnownFileType = sourcecode.c.objc; path = EGOImageView.m; sourceTree = "<group>"; };
		C98BCCB114FA2BFA00E1E9F7 /* place_holder_small.jpg */ = {isa = PBXFileReference; lastKnownFileType = image.jpeg; path = place_holder_small.jpg; sourceTree = "<group>"; };
		C98BCCB814FA2DF900E1E9F7 /* PropertyDescViewController.h */ = {isa = PBXFileReference; fileEncoding = 4; lastKnownFileType = sourcecode.c.h; path = PropertyDescViewController.h; sourceTree = "<group>"; };
		C98BCCB914FA2DF900E1E9F7 /* PropertyDescViewController.m */ = {isa = PBXFileReference; fileEncoding = 4; lastKnownFileType = sourcecode.c.objc; path = PropertyDescViewController.m; sourceTree = "<group>"; };
		C98BCCBA14FA2DF900E1E9F7 /* PropertyDescViewController.xib */ = {isa = PBXFileReference; fileEncoding = 4; lastKnownFileType = file.xib; path = PropertyDescViewController.xib; sourceTree = "<group>"; };
		C98BCCBE14FA2EB600E1E9F7 /* PlaceHolder.png */ = {isa = PBXFileReference; lastKnownFileType = image.png; path = PlaceHolder.png; sourceTree = "<group>"; };
		C98BCCC014FA2FC800E1E9F7 /* Constant.h */ = {isa = PBXFileReference; fileEncoding = 4; lastKnownFileType = sourcecode.c.h; path = Constant.h; sourceTree = "<group>"; };
		C98BCCC314FA3B8000E1E9F7 /* MessageUI.framework */ = {isa = PBXFileReference; lastKnownFileType = wrapper.framework; name = MessageUI.framework; path = System/Library/Frameworks/MessageUI.framework; sourceTree = SDKROOT; };
		C9B7D9C114FBDBFE003B6B8F /* SVGeocoder.h */ = {isa = PBXFileReference; fileEncoding = 4; lastKnownFileType = sourcecode.c.h; path = SVGeocoder.h; sourceTree = "<group>"; };
		C9B7D9C214FBDBFE003B6B8F /* SVGeocoder.m */ = {isa = PBXFileReference; fileEncoding = 4; lastKnownFileType = sourcecode.c.objc; path = SVGeocoder.m; sourceTree = "<group>"; };
		C9B7D9C314FBDBFE003B6B8F /* SVPlacemark.h */ = {isa = PBXFileReference; fileEncoding = 4; lastKnownFileType = sourcecode.c.h; path = SVPlacemark.h; sourceTree = "<group>"; };
		C9B7D9C414FBDBFE003B6B8F /* SVPlacemark.m */ = {isa = PBXFileReference; fileEncoding = 4; lastKnownFileType = sourcecode.c.objc; path = SVPlacemark.m; sourceTree = "<group>"; };
		C9B7D9C714FBDCB5003B6B8F /* location.jpg */ = {isa = PBXFileReference; lastKnownFileType = image.jpeg; path = location.jpg; sourceTree = "<group>"; };
		C9B7D9CD14FBE0C1003B6B8F /* AddressBook.framework */ = {isa = PBXFileReference; lastKnownFileType = wrapper.framework; name = AddressBook.framework; path = System/Library/Frameworks/AddressBook.framework; sourceTree = SDKROOT; };
		C9B7D9CF14FC0D94003B6B8F /* BroucherViewController.h */ = {isa = PBXFileReference; fileEncoding = 4; lastKnownFileType = sourcecode.c.h; path = BroucherViewController.h; sourceTree = "<group>"; };
		C9B7D9D014FC0D94003B6B8F /* BroucherViewController.m */ = {isa = PBXFileReference; fileEncoding = 4; lastKnownFileType = sourcecode.c.objc; path = BroucherViewController.m; sourceTree = "<group>"; };
		C9B7D9D114FC0D94003B6B8F /* BroucherViewController.xib */ = {isa = PBXFileReference; fileEncoding = 4; lastKnownFileType = file.xib; path = BroucherViewController.xib; sourceTree = "<group>"; };
		C9B7D9D514FC3736003B6B8F /* DetailViewController.h */ = {isa = PBXFileReference; fileEncoding = 4; lastKnownFileType = sourcecode.c.h; path = DetailViewController.h; sourceTree = "<group>"; };
		C9B7D9D614FC3736003B6B8F /* DetailViewController.m */ = {isa = PBXFileReference; fileEncoding = 4; lastKnownFileType = sourcecode.c.objc; path = DetailViewController.m; sourceTree = "<group>"; };
		C9B7D9D714FC3736003B6B8F /* DetailViewController.xib */ = {isa = PBXFileReference; fileEncoding = 4; lastKnownFileType = file.xib; path = DetailViewController.xib; sourceTree = "<group>"; };
		C9C9292F150215890005EB67 /* SearchPattren.h */ = {isa = PBXFileReference; fileEncoding = 4; lastKnownFileType = sourcecode.c.h; path = SearchPattren.h; sourceTree = "<group>"; };
		C9C92930150215890005EB67 /* SearchPattren.m */ = {isa = PBXFileReference; fileEncoding = 4; lastKnownFileType = sourcecode.c.objc; path = SearchPattren.m; sourceTree = "<group>"; };
		C9CB203115014F430014AD72 /* SavedSearchesViewController.h */ = {isa = PBXFileReference; fileEncoding = 4; lastKnownFileType = sourcecode.c.h; path = SavedSearchesViewController.h; sourceTree = "<group>"; };
		C9CB203215014F430014AD72 /* SavedSearchesViewController.m */ = {isa = PBXFileReference; fileEncoding = 4; lastKnownFileType = sourcecode.c.objc; path = SavedSearchesViewController.m; sourceTree = "<group>"; };
		C9CB203315014F430014AD72 /* SavedSearchesViewController.xib */ = {isa = PBXFileReference; fileEncoding = 4; lastKnownFileType = file.xib; path = SavedSearchesViewController.xib; sourceTree = "<group>"; };
		C9CB2038150153470014AD72 /* SavedSearches.h */ = {isa = PBXFileReference; fileEncoding = 4; lastKnownFileType = sourcecode.c.h; path = SavedSearches.h; sourceTree = "<group>"; };
		C9CB2039150153470014AD72 /* SavedSearches.m */ = {isa = PBXFileReference; fileEncoding = 4; lastKnownFileType = sourcecode.c.objc; path = SavedSearches.m; sourceTree = "<group>"; };
		C9CB203C1501536F0014AD72 /* SavedSearches.xib */ = {isa = PBXFileReference; fileEncoding = 4; lastKnownFileType = file.xib; path = SavedSearches.xib; sourceTree = "<group>"; };
		C9DE44AE14FE9E0F00E13B30 /* RefineSearchViewController.h */ = {isa = PBXFileReference; fileEncoding = 4; lastKnownFileType = sourcecode.c.h; path = RefineSearchViewController.h; sourceTree = "<group>"; };
		C9DE44AF14FE9E0F00E13B30 /* RefineSearchViewController.m */ = {isa = PBXFileReference; fileEncoding = 4; lastKnownFileType = sourcecode.c.objc; path = RefineSearchViewController.m; sourceTree = "<group>"; };
		C9DE44B014FE9E0F00E13B30 /* RefineSearchViewController.xib */ = {isa = PBXFileReference; fileEncoding = 4; lastKnownFileType = file.xib; path = RefineSearchViewController.xib; sourceTree = "<group>"; };
		C9E136C714FA5AA60016F018 /* cellDescpImg.h */ = {isa = PBXFileReference; fileEncoding = 4; lastKnownFileType = sourcecode.c.h; path = cellDescpImg.h; sourceTree = "<group>"; };
		C9E136C814FA5AA60016F018 /* cellDescpImg.m */ = {isa = PBXFileReference; fileEncoding = 4; lastKnownFileType = sourcecode.c.objc; path = cellDescpImg.m; sourceTree = "<group>"; };
		C9E136CB14FA5ADA0016F018 /* cellDescpImg.xib */ = {isa = PBXFileReference; fileEncoding = 4; lastKnownFileType = file.xib; path = cellDescpImg.xib; sourceTree = "<group>"; };
		C9E136DB14FA72970016F018 /* cellSummary.h */ = {isa = PBXFileReference; fileEncoding = 4; lastKnownFileType = sourcecode.c.h; path = cellSummary.h; sourceTree = "<group>"; };
		C9E136DC14FA72970016F018 /* cellSummary.m */ = {isa = PBXFileReference; fileEncoding = 4; lastKnownFileType = sourcecode.c.objc; path = cellSummary.m; sourceTree = "<group>"; };
		C9E136DE14FA72AC0016F018 /* cellSummary.xib */ = {isa = PBXFileReference; fileEncoding = 4; lastKnownFileType = file.xib; path = cellSummary.xib; sourceTree = "<group>"; };
		C9E136E014FA7F690016F018 /* cellMapView.h */ = {isa = PBXFileReference; fileEncoding = 4; lastKnownFileType = sourcecode.c.h; path = cellMapView.h; sourceTree = "<group>"; };
		C9E136E114FA7F690016F018 /* cellMapView.m */ = {isa = PBXFileReference; fileEncoding = 4; lastKnownFileType = sourcecode.c.objc; path = cellMapView.m; sourceTree = "<group>"; };
		C9E136E414FA7F910016F018 /* cellMapView.xib */ = {isa = PBXFileReference; fileEncoding = 4; lastKnownFileType = file.xib; path = cellMapView.xib; sourceTree = "<group>"; };
		C9E136EA14FA81CA0016F018 /* CoreLocation.framework */ = {isa = PBXFileReference; lastKnownFileType = wrapper.framework; name = CoreLocation.framework; path = System/Library/Frameworks/CoreLocation.framework; sourceTree = SDKROOT; };
		C9E136EC14FA81D00016F018 /* MapKit.framework */ = {isa = PBXFileReference; lastKnownFileType = wrapper.framework; name = MapKit.framework; path = System/Library/Frameworks/MapKit.framework; sourceTree = SDKROOT; };
		C9E136F614FA87AC0016F018 /* MyAnnotation.h */ = {isa = PBXFileReference; fileEncoding = 4; lastKnownFileType = sourcecode.c.h; path = MyAnnotation.h; sourceTree = "<group>"; };
		C9E136F714FA87AC0016F018 /* MyAnnotation.m */ = {isa = PBXFileReference; fileEncoding = 4; lastKnownFileType = sourcecode.c.objc; path = MyAnnotation.m; sourceTree = "<group>"; };
		C9E136F914FA8A4B0016F018 /* iCodeBlogAnnotationView.h */ = {isa = PBXFileReference; fileEncoding = 4; lastKnownFileType = sourcecode.c.h; path = iCodeBlogAnnotationView.h; sourceTree = "<group>"; };
		C9E136FA14FA8A4B0016F018 /* iCodeBlogAnnotationView.m */ = {isa = PBXFileReference; fileEncoding = 4; lastKnownFileType = sourcecode.c.objc; path = iCodeBlogAnnotationView.m; sourceTree = "<group>"; };
		C9E1370014FA99400016F018 /* cellShowPhotos.h */ = {isa = PBXFileReference; fileEncoding = 4; lastKnownFileType = sourcecode.c.h; path = cellShowPhotos.h; sourceTree = "<group>"; };
		C9E1370114FA99400016F018 /* cellShowPhotos.m */ = {isa = PBXFileReference; fileEncoding = 4; lastKnownFileType = sourcecode.c.objc; path = cellShowPhotos.m; sourceTree = "<group>"; };
		C9E1370414FA996B0016F018 /* cellShowPhotos.xib */ = {isa = PBXFileReference; fileEncoding = 4; lastKnownFileType = file.xib; path = cellShowPhotos.xib; sourceTree = "<group>"; };
		C9E1370A14FABBD60016F018 /* cellAgent.h */ = {isa = PBXFileReference; fileEncoding = 4; lastKnownFileType = sourcecode.c.h; path = cellAgent.h; sourceTree = "<group>"; };
		C9E1370B14FABBD70016F018 /* cellAgent.m */ = {isa = PBXFileReference; fileEncoding = 4; lastKnownFileType = sourcecode.c.objc; path = cellAgent.m; sourceTree = "<group>"; };
		C9E1370E14FABBFA0016F018 /* cellAgent.xib */ = {isa = PBXFileReference; fileEncoding = 4; lastKnownFileType = file.xib; path = cellAgent.xib; sourceTree = "<group>"; };
/* End PBXFileReference section */

/* Begin PBXFrameworksBuildPhase section */
		C905243614F985F000D62E24 /* Frameworks */ = {
			isa = PBXFrameworksBuildPhase;
			buildActionMask = 2147483647;
			files = (
				C9B7D9CE14FBE0C1003B6B8F /* AddressBook.framework in Frameworks */,
				C9E136ED14FA81D00016F018 /* MapKit.framework in Frameworks */,
				C9E136EB14FA81CA0016F018 /* CoreLocation.framework in Frameworks */,
				C98BCCC414FA3B8000E1E9F7 /* MessageUI.framework in Frameworks */,
				C905243E14F985F000D62E24 /* UIKit.framework in Frameworks */,
				C905244014F985F000D62E24 /* Foundation.framework in Frameworks */,
				C905244214F985F000D62E24 /* CoreGraphics.framework in Frameworks */,
			);
			runOnlyForDeploymentPostprocessing = 0;
		};
/* End PBXFrameworksBuildPhase section */

/* Begin PBXGroup section */
		5DBF49E314FD765D00B92BA9 /* ImagesApp */ = {
			isa = PBXGroup;
			children = (
				5DBF49E014FD765800B92BA9 /* AppBg.png */,
			);
			name = ImagesApp;
			sourceTree = "<group>";
		};
		C905242E14F985F000D62E24 = {
			isa = PBXGroup;
			children = (
				C9C92933150215950005EB67 /* SearchPattern */,
				C9CB203715014F490014AD72 /* SavedSearchesViewController */,
				C9DE44B314FE9E1900E13B30 /* RefineSearchViewController */,
				5DBF49E314FD765D00B92BA9 /* ImagesApp */,
				C9B7D9DA14FC3744003B6B8F /* DetailViewController */,
				C9B7D9D414FC11BB003B6B8F /* BroucherViewController */,
				C9B7D9BC14FBDBD8003B6B8F /* For Corrent Location */,
				C9B7D9BA14FBDB58003B6B8F /* MapSource */,
				C9E136C514FA5A440016F018 /* constants */,
				C9E136C414FA5A340016F018 /* images */,
				C98BCCBD14FA2E0100E1E9F7 /* PropertyDescViewController */,
				C98BCCAF14FA14C500E1E9F7 /* EGOImageView */,
				C98BCCB014FA14D800E1E9F7 /* cellView */,
				C98BCC9214FA0F2900E1E9F7 /* constants */,
				C905249514F9A0B300D62E24 /* Source */,
				C905247F14F98D5200D62E24 /* MBProgressHud */,
				C905247B14F98C2A00D62E24 /* Json */,
				C905246714F98B0900D62E24 /* ModalController */,
				C905245F14F98A2400D62E24 /* SearchResultViewController */,
				C905245914F9861500D62E24 /* HomeViewController */,
				C905244314F985F000D62E24 /* PropertyApp */,
				C905243C14F985F000D62E24 /* Frameworks */,
				C905243A14F985F000D62E24 /* Products */,
			);
			sourceTree = "<group>";
		};
		C905243A14F985F000D62E24 /* Products */ = {
			isa = PBXGroup;
			children = (
				C905243914F985F000D62E24 /* PropertyApp.app */,
			);
			name = Products;
			sourceTree = "<group>";
		};
		C905243C14F985F000D62E24 /* Frameworks */ = {
			isa = PBXGroup;
			children = (
				C9B7D9CD14FBE0C1003B6B8F /* AddressBook.framework */,
				C9E136EC14FA81D00016F018 /* MapKit.framework */,
				C9E136EA14FA81CA0016F018 /* CoreLocation.framework */,
				C98BCCC314FA3B8000E1E9F7 /* MessageUI.framework */,
				C905243D14F985F000D62E24 /* UIKit.framework */,
				C905243F14F985F000D62E24 /* Foundation.framework */,
				C905244114F985F000D62E24 /* CoreGraphics.framework */,
			);
			name = Frameworks;
			sourceTree = "<group>";
		};
		C905244314F985F000D62E24 /* PropertyApp */ = {
			isa = PBXGroup;
			children = (
				C905244C14F985F000D62E24 /* testdelegateAppDelegate.h */,
				C905244D14F985F000D62E24 /* testdelegateAppDelegate.m */,
				C905244414F985F000D62E24 /* Supporting Files */,
			);
			path = PropertyApp;
			sourceTree = "<group>";
		};
		C905244414F985F000D62E24 /* Supporting Files */ = {
			isa = PBXGroup;
			children = (
				C905244514F985F000D62E24 /* PropertyApp-Info.plist */,
				C905244614F985F000D62E24 /* InfoPlist.strings */,
				C905244914F985F000D62E24 /* main.m */,
				C905244B14F985F000D62E24 /* PropertyApp-Prefix.pch */,
			);
			name = "Supporting Files";
			sourceTree = "<group>";
		};
		C905245914F9861500D62E24 /* HomeViewController */ = {
			isa = PBXGroup;
			children = (
				C905245414F9860B00D62E24 /* HomeViewController.h */,
				C905245514F9860B00D62E24 /* HomeViewController.m */,
				C905245614F9860B00D62E24 /* HomeViewController.xib */,
			);
			name = HomeViewController;
			sourceTree = "<group>";
		};
		C905245F14F98A2400D62E24 /* SearchResultViewController */ = {
			isa = PBXGroup;
			children = (
				C905245A14F98A1F00D62E24 /* SearchResultViewController.h */,
				C905245B14F98A1F00D62E24 /* SearchResultViewController.m */,
				C905245C14F98A1F00D62E24 /* SearchResultViewController.xib */,
			);
			name = SearchResultViewController;
			sourceTree = "<group>";
		};
		C905246714F98B0900D62E24 /* ModalController */ = {
			isa = PBXGroup;
			children = (
				C905246414F98A9000D62E24 /* ModalController.m */,
				C905246514F98A9000D62E24 /* ModalController.h */,
			);
			name = ModalController;
			sourceTree = "<group>";
		};
		C905247B14F98C2A00D62E24 /* Json */ = {
			isa = PBXGroup;
			children = (
				C905246814F98C1E00D62E24 /* JSON.h */,
				C905246914F98C1E00D62E24 /* NSObject+SBJSON.h */,
				C905246A14F98C1E00D62E24 /* NSObject+SBJSON.m */,
				C905246B14F98C1F00D62E24 /* NSString+SBJSON.h */,
				C905246C14F98C1F00D62E24 /* NSString+SBJSON.m */,
				C905246D14F98C1F00D62E24 /* SBJSON.h */,
				C905246E14F98C1F00D62E24 /* SBJSON.m */,
				C905246F14F98C1F00D62E24 /* SBJsonBase.h */,
				C905247014F98C1F00D62E24 /* SBJsonBase.m */,
				C905247114F98C1F00D62E24 /* SBJsonParser.h */,
				C905247214F98C1F00D62E24 /* SBJsonParser.m */,
				C905247314F98C2000D62E24 /* SBJsonWriter.h */,
				C905247414F98C2000D62E24 /* SBJsonWriter.m */,
			);
			name = Json;
			sourceTree = "<group>";
		};
		C905247F14F98D5200D62E24 /* MBProgressHud */ = {
			isa = PBXGroup;
			children = (
				C905247C14F98CF400D62E24 /* MBProgressHUD.h */,
				C905247D14F98CF400D62E24 /* MBProgressHUD.m */,
			);
			name = MBProgressHud;
			sourceTree = "<group>";
		};
		C905249514F9A0B300D62E24 /* Source */ = {
			isa = PBXGroup;
			children = (
				C905249614F9A0B300D62E24 /* CDataScanner.h */,
				C905249714F9A0B300D62E24 /* CDataScanner.m */,
				C905249814F9A0B300D62E24 /* Experimental */,
				C90524A114F9A0B300D62E24 /* Extensions */,
				C90524A614F9A0B300D62E24 /* JSON */,
			);
			path = Source;
			sourceTree = "<group>";
		};
		C905249814F9A0B300D62E24 /* Experimental */ = {
			isa = PBXGroup;
			children = (
				C905249914F9A0B300D62E24 /* CFilteringJSONSerializer.h */,
				C905249A14F9A0B300D62E24 /* CFilteringJSONSerializer.m */,
				C905249B14F9A0B300D62E24 /* CJSONDeserializer_BlocksExtensions.h */,
				C905249C14F9A0B300D62E24 /* CJSONDeserializer_BlocksExtensions.m */,
				C905249D14F9A0B300D62E24 /* CJSONSerialization.h */,
				C905249E14F9A0B300D62E24 /* CJSONSerialization.m */,
				C905249F14F9A0B300D62E24 /* CJSONSerializedData.h */,
				C90524A014F9A0B300D62E24 /* CJSONSerializedData.m */,
			);
			path = Experimental;
			sourceTree = "<group>";
		};
		C90524A114F9A0B300D62E24 /* Extensions */ = {
			isa = PBXGroup;
			children = (
				C90524A214F9A0B300D62E24 /* CDataScanner_Extensions.h */,
				C90524A314F9A0B300D62E24 /* CDataScanner_Extensions.m */,
				C90524A414F9A0B300D62E24 /* NSDictionary_JSONExtensions.h */,
				C90524A514F9A0B300D62E24 /* NSDictionary_JSONExtensions.m */,
			);
			path = Extensions;
			sourceTree = "<group>";
		};
		C90524A614F9A0B300D62E24 /* JSON */ = {
			isa = PBXGroup;
			children = (
				C90524A714F9A0B300D62E24 /* CJSONDeserializer.h */,
				C90524A814F9A0B300D62E24 /* CJSONDeserializer.m */,
				C90524A914F9A0B300D62E24 /* CJSONScanner.h */,
				C90524AA14F9A0B300D62E24 /* CJSONScanner.m */,
				C90524AB14F9A0B300D62E24 /* CJSONSerializer.h */,
				C90524AC14F9A0B300D62E24 /* CJSONSerializer.m */,
				C90524AD14F9A0B300D62E24 /* JSONRepresentation.h */,
			);
			path = JSON;
			sourceTree = "<group>";
		};
		C98BCC9214FA0F2900E1E9F7 /* constants */ = {
			isa = PBXGroup;
			children = (
				C98BCC9414FA0F4000E1E9F7 /* constants.h */,
			);
			name = constants;
			sourceTree = "<group>";
		};
		C98BCCAF14FA14C500E1E9F7 /* EGOImageView */ = {
			isa = PBXGroup;
			children = (
				C98BCCA014FA14BE00E1E9F7 /* EGOCache.h */,
				C98BCCA114FA14BE00E1E9F7 /* EGOCache.m */,
				C98BCCA214FA14BE00E1E9F7 /* EGOImageButton.h */,
				C98BCCA314FA14BE00E1E9F7 /* EGOImageLoader.h */,
				C98BCCA414FA14BE00E1E9F7 /* EGOImageLoader.m */,
				C98BCCA514FA14BE00E1E9F7 /* EGOImageLoadConnection.h */,
				C98BCCA614FA14BE00E1E9F7 /* EGOImageLoadConnection.m */,
				C98BCCA714FA14BE00E1E9F7 /* EGOImageButton.m */,
				C98BCCA814FA14BE00E1E9F7 /* EGOImageView.h */,
				C98BCCA914FA14BE00E1E9F7 /* EGOImageView.m */,
			);
			name = EGOImageView;
			sourceTree = "<group>";
		};
		C98BCCB014FA14D800E1E9F7 /* cellView */ = {
			isa = PBXGroup;
			children = (
				C9E136C614FA5A560016F018 /* searchCell */,
				C9E136CA14FA5AAD0016F018 /* cellDescpImg */,
				C9E136D814FA70A90016F018 /* CellSummary */,
				C9E136E314FA7F710016F018 /* cellMapView */,
				C9E1370314FA99450016F018 /* cellShowPhotos */,
				C9E1370D14FABBDC0016F018 /* cellAgent */,
				C9CB203B1501534E0014AD72 /* SavedSearches */,
			);
			name = cellView;
			sourceTree = "<group>";
		};
		C98BCCBD14FA2E0100E1E9F7 /* PropertyDescViewController */ = {
			isa = PBXGroup;
			children = (
				C98BCCB814FA2DF900E1E9F7 /* PropertyDescViewController.h */,
				C98BCCB914FA2DF900E1E9F7 /* PropertyDescViewController.m */,
				C98BCCBA14FA2DF900E1E9F7 /* PropertyDescViewController.xib */,
			);
			name = PropertyDescViewController;
			sourceTree = "<group>";
		};
		C9B7D9BA14FBDB58003B6B8F /* MapSource */ = {
			isa = PBXGroup;
			children = (
				C9E136F914FA8A4B0016F018 /* iCodeBlogAnnotationView.h */,
				C9E136FA14FA8A4B0016F018 /* iCodeBlogAnnotationView.m */,
				C9E136F614FA87AC0016F018 /* MyAnnotation.h */,
				C9E136F714FA87AC0016F018 /* MyAnnotation.m */,
			);
			name = MapSource;
			sourceTree = "<group>";
		};
		C9B7D9BC14FBDBD8003B6B8F /* For Corrent Location */ = {
			isa = PBXGroup;
			children = (
				C905248414F99C9100D62E24 /* JSONKit.h */,
				C905248514F99C9200D62E24 /* JSONKit.m */,
				C9B7D9C114FBDBFE003B6B8F /* SVGeocoder.h */,
				C9B7D9C214FBDBFE003B6B8F /* SVGeocoder.m */,
				C9B7D9C314FBDBFE003B6B8F /* SVPlacemark.h */,
				C9B7D9C414FBDBFE003B6B8F /* SVPlacemark.m */,
			);
			name = "For Corrent Location";
			sourceTree = "<group>";
		};
		C9B7D9D414FC11BB003B6B8F /* BroucherViewController */ = {
			isa = PBXGroup;
			children = (
				C9B7D9CF14FC0D94003B6B8F /* BroucherViewController.h */,
				C9B7D9D014FC0D94003B6B8F /* BroucherViewController.m */,
				C9B7D9D114FC0D94003B6B8F /* BroucherViewController.xib */,
			);
			name = BroucherViewController;
			sourceTree = "<group>";
		};
		C9B7D9DA14FC3744003B6B8F /* DetailViewController */ = {
			isa = PBXGroup;
			children = (
				C9B7D9D514FC3736003B6B8F /* DetailViewController.h */,
				C9B7D9D614FC3736003B6B8F /* DetailViewController.m */,
				C9B7D9D714FC3736003B6B8F /* DetailViewController.xib */,
			);
			name = DetailViewController;
			sourceTree = "<group>";
		};
		C9C92933150215950005EB67 /* SearchPattern */ = {
			isa = PBXGroup;
			children = (
				C9C9292F150215890005EB67 /* SearchPattren.h */,
				C9C92930150215890005EB67 /* SearchPattren.m */,
			);
			name = SearchPattern;
			sourceTree = "<group>";
		};
		C9CB203715014F490014AD72 /* SavedSearchesViewController */ = {
			isa = PBXGroup;
			children = (
				C9CB203115014F430014AD72 /* SavedSearchesViewController.h */,
				C9CB203215014F430014AD72 /* SavedSearchesViewController.m */,
				C9CB203315014F430014AD72 /* SavedSearchesViewController.xib */,
			);
			name = SavedSearchesViewController;
			sourceTree = "<group>";
		};
		C9CB203B1501534E0014AD72 /* SavedSearches */ = {
			isa = PBXGroup;
			children = (
				C9CB2038150153470014AD72 /* SavedSearches.h */,
				C9CB2039150153470014AD72 /* SavedSearches.m */,
				C9CB203C1501536F0014AD72 /* SavedSearches.xib */,
			);
			name = SavedSearches;
			sourceTree = "<group>";
		};
		C9DE44B314FE9E1900E13B30 /* RefineSearchViewController */ = {
			isa = PBXGroup;
			children = (
				C9DE44AE14FE9E0F00E13B30 /* RefineSearchViewController.h */,
				C9DE44AF14FE9E0F00E13B30 /* RefineSearchViewController.m */,
				C9DE44B014FE9E0F00E13B30 /* RefineSearchViewController.xib */,
			);
			name = RefineSearchViewController;
			sourceTree = "<group>";
		};
		C9E136C414FA5A340016F018 /* images */ = {
			isa = PBXGroup;
			children = (
				C9B7D9C714FBDCB5003B6B8F /* location.jpg */,
				C98BCCBE14FA2EB600E1E9F7 /* PlaceHolder.png */,
				C98BCCB114FA2BFA00E1E9F7 /* place_holder_small.jpg */,
			);
			name = images;
			sourceTree = "<group>";
		};
		C9E136C514FA5A440016F018 /* constants */ = {
			isa = PBXGroup;
			children = (
				C98BCCC014FA2FC800E1E9F7 /* Constant.h */,
			);
			name = constants;
			sourceTree = "<group>";
		};
		C9E136C614FA5A560016F018 /* searchCell */ = {
			isa = PBXGroup;
			children = (
				C98BCC9B14FA137100E1E9F7 /* searchCell.h */,
				C98BCC9C14FA137100E1E9F7 /* searchCell.m */,
				C98BCC9E14FA138800E1E9F7 /* searchCell.xib */,
			);
			name = searchCell;
			sourceTree = "<group>";
		};
		C9E136CA14FA5AAD0016F018 /* cellDescpImg */ = {
			isa = PBXGroup;
			children = (
				C9E136C714FA5AA60016F018 /* cellDescpImg.h */,
				C9E136C814FA5AA60016F018 /* cellDescpImg.m */,
				C9E136CB14FA5ADA0016F018 /* cellDescpImg.xib */,
			);
			name = cellDescpImg;
			sourceTree = "<group>";
		};
		C9E136D814FA70A90016F018 /* CellSummary */ = {
			isa = PBXGroup;
			children = (
				C9E136DB14FA72970016F018 /* cellSummary.h */,
				C9E136DC14FA72970016F018 /* cellSummary.m */,
				C9E136DE14FA72AC0016F018 /* cellSummary.xib */,
			);
			name = CellSummary;
			sourceTree = "<group>";
		};
		C9E136E314FA7F710016F018 /* cellMapView */ = {
			isa = PBXGroup;
			children = (
				C9E136E014FA7F690016F018 /* cellMapView.h */,
				C9E136E114FA7F690016F018 /* cellMapView.m */,
				C9E136E414FA7F910016F018 /* cellMapView.xib */,
			);
			name = cellMapView;
			sourceTree = "<group>";
		};
		C9E1370314FA99450016F018 /* cellShowPhotos */ = {
			isa = PBXGroup;
			children = (
				C9E1370014FA99400016F018 /* cellShowPhotos.h */,
				C9E1370114FA99400016F018 /* cellShowPhotos.m */,
				C9E1370414FA996B0016F018 /* cellShowPhotos.xib */,
			);
			name = cellShowPhotos;
			sourceTree = "<group>";
		};
		C9E1370D14FABBDC0016F018 /* cellAgent */ = {
			isa = PBXGroup;
			children = (
				C9E1370A14FABBD60016F018 /* cellAgent.h */,
				C9E1370B14FABBD70016F018 /* cellAgent.m */,
				C9E1370E14FABBFA0016F018 /* cellAgent.xib */,
			);
			name = cellAgent;
			sourceTree = "<group>";
		};
/* End PBXGroup section */

/* Begin PBXNativeTarget section */
		C905243814F985F000D62E24 /* PropertyApp */ = {
			isa = PBXNativeTarget;
			buildConfigurationList = C905245114F985F000D62E24 /* Build configuration list for PBXNativeTarget "PropertyApp" */;
			buildPhases = (
				C905243514F985F000D62E24 /* Sources */,
				C905243614F985F000D62E24 /* Frameworks */,
				C905243714F985F000D62E24 /* Resources */,
			);
			buildRules = (
			);
			dependencies = (
			);
			name = PropertyApp;
			productName = PropertyApp;
			productReference = C905243914F985F000D62E24 /* PropertyApp.app */;
			productType = "com.apple.product-type.application";
		};
/* End PBXNativeTarget section */

/* Begin PBXProject section */
		C905243014F985F000D62E24 /* Project object */ = {
			isa = PBXProject;
			attributes = {
				LastUpgradeCheck = 0420;
				ORGANIZATIONNAME = "sauravsinha007@gmail.com";
			};
			buildConfigurationList = C905243314F985F000D62E24 /* Build configuration list for PBXProject "PropertyApp" */;
			compatibilityVersion = "Xcode 3.2";
			developmentRegion = English;
			hasScannedForEncodings = 0;
			knownRegions = (
				en,
			);
			mainGroup = C905242E14F985F000D62E24;
			productRefGroup = C905243A14F985F000D62E24 /* Products */;
			projectDirPath = "";
			projectRoot = "";
			targets = (
				C905243814F985F000D62E24 /* PropertyApp */,
			);
		};
/* End PBXProject section */

/* Begin PBXResourcesBuildPhase section */
		C905243714F985F000D62E24 /* Resources */ = {
			isa = PBXResourcesBuildPhase;
			buildActionMask = 2147483647;
			files = (
				C905244814F985F000D62E24 /* InfoPlist.strings in Resources */,
				C905245814F9860B00D62E24 /* HomeViewController.xib in Resources */,
				C905245E14F98A1F00D62E24 /* SearchResultViewController.xib in Resources */,
				C98BCC9F14FA138800E1E9F7 /* searchCell.xib in Resources */,
				C98BCCB214FA2BFA00E1E9F7 /* place_holder_small.jpg in Resources */,
				C98BCCBC14FA2DF900E1E9F7 /* PropertyDescViewController.xib in Resources */,
				C98BCCBF14FA2EB600E1E9F7 /* PlaceHolder.png in Resources */,
				C9E136CC14FA5ADA0016F018 /* cellDescpImg.xib in Resources */,
				C9E136DF14FA72AC0016F018 /* cellSummary.xib in Resources */,
				C9E136E514FA7F910016F018 /* cellMapView.xib in Resources */,
				C9E1370514FA996B0016F018 /* cellShowPhotos.xib in Resources */,
				C9E1370F14FABBFA0016F018 /* cellAgent.xib in Resources */,
				C9B7D9C814FBDCB5003B6B8F /* location.jpg in Resources */,
				C9B7D9D314FC0D95003B6B8F /* BroucherViewController.xib in Resources */,
				C9B7D9D914FC3736003B6B8F /* DetailViewController.xib in Resources */,
				5DBF49E114FD765800B92BA9 /* AppBg.png in Resources */,
				C9DE44B214FE9E0F00E13B30 /* RefineSearchViewController.xib in Resources */,
				C9CB203515014F430014AD72 /* SavedSearchesViewController.xib in Resources */,
				C9CB203D1501536F0014AD72 /* SavedSearches.xib in Resources */,
			);
			runOnlyForDeploymentPostprocessing = 0;
		};
/* End PBXResourcesBuildPhase section */

/* Begin PBXSourcesBuildPhase section */
		C905243514F985F000D62E24 /* Sources */ = {
			isa = PBXSourcesBuildPhase;
			buildActionMask = 2147483647;
			files = (
				C905244A14F985F000D62E24 /* main.m in Sources */,
				C905244E14F985F000D62E24 /* testdelegateAppDelegate.m in Sources */,
				C905245714F9860B00D62E24 /* HomeViewController.m in Sources */,
				C905245D14F98A1F00D62E24 /* SearchResultViewController.m in Sources */,
				C905246614F98A9000D62E24 /* ModalController.m in Sources */,
				C905247514F98C2000D62E24 /* NSObject+SBJSON.m in Sources */,
				C905247614F98C2000D62E24 /* NSString+SBJSON.m in Sources */,
				C905247714F98C2000D62E24 /* SBJSON.m in Sources */,
				C905247814F98C2000D62E24 /* SBJsonBase.m in Sources */,
				C905247914F98C2000D62E24 /* SBJsonParser.m in Sources */,
				C905247A14F98C2000D62E24 /* SBJsonWriter.m in Sources */,
				C905247E14F98CF400D62E24 /* MBProgressHUD.m in Sources */,
				C905248614F99C9200D62E24 /* JSONKit.m in Sources */,
				C90524AE14F9A0B300D62E24 /* CDataScanner.m in Sources */,
				C90524AF14F9A0B300D62E24 /* CFilteringJSONSerializer.m in Sources */,
				C90524B014F9A0B300D62E24 /* CJSONDeserializer_BlocksExtensions.m in Sources */,
				C90524B114F9A0B300D62E24 /* CJSONSerialization.m in Sources */,
				C90524B214F9A0B300D62E24 /* CJSONSerializedData.m in Sources */,
				C90524B314F9A0B300D62E24 /* CDataScanner_Extensions.m in Sources */,
				C90524B414F9A0B300D62E24 /* NSDictionary_JSONExtensions.m in Sources */,
				C90524B514F9A0B300D62E24 /* CJSONDeserializer.m in Sources */,
				C90524B614F9A0B300D62E24 /* CJSONScanner.m in Sources */,
				C90524B714F9A0B300D62E24 /* CJSONSerializer.m in Sources */,
				C98BCC9D14FA137100E1E9F7 /* searchCell.m in Sources */,
				C98BCCAA14FA14BE00E1E9F7 /* EGOCache.m in Sources */,
				C98BCCAB14FA14BE00E1E9F7 /* EGOImageLoader.m in Sources */,
				C98BCCAC14FA14BE00E1E9F7 /* EGOImageLoadConnection.m in Sources */,
				C98BCCAD14FA14BE00E1E9F7 /* EGOImageButton.m in Sources */,
				C98BCCAE14FA14BE00E1E9F7 /* EGOImageView.m in Sources */,
				C98BCCBB14FA2DF900E1E9F7 /* PropertyDescViewController.m in Sources */,
				C9E136C914FA5AA60016F018 /* cellDescpImg.m in Sources */,
				C9E136DD14FA72970016F018 /* cellSummary.m in Sources */,
				C9E136E214FA7F690016F018 /* cellMapView.m in Sources */,
				C9E136F814FA87AC0016F018 /* MyAnnotation.m in Sources */,
				C9E136FB14FA8A4C0016F018 /* iCodeBlogAnnotationView.m in Sources */,
				C9E1370214FA99410016F018 /* cellShowPhotos.m in Sources */,
				C9E1370C14FABBD70016F018 /* cellAgent.m in Sources */,
				C9B7D9C514FBDBFE003B6B8F /* SVGeocoder.m in Sources */,
				C9B7D9C614FBDBFE003B6B8F /* SVPlacemark.m in Sources */,
				C9B7D9D214FC0D95003B6B8F /* BroucherViewController.m in Sources */,
				C9B7D9D814FC3736003B6B8F /* DetailViewController.m in Sources */,
				C9DE44B114FE9E0F00E13B30 /* RefineSearchViewController.m in Sources */,
				C9CB203415014F430014AD72 /* SavedSearchesViewController.m in Sources */,
				C9CB203A150153470014AD72 /* SavedSearches.m in Sources */,
				C9C92931150215890005EB67 /* SearchPattren.m in Sources */,
			);
			runOnlyForDeploymentPostprocessing = 0;
		};
/* End PBXSourcesBuildPhase section */

/* Begin PBXVariantGroup section */
		C905244614F985F000D62E24 /* InfoPlist.strings */ = {
			isa = PBXVariantGroup;
			children = (
				C905244714F985F000D62E24 /* en */,
			);
			name = InfoPlist.strings;
			sourceTree = "<group>";
		};
/* End PBXVariantGroup section */

/* Begin XCBuildConfiguration section */
		C905244F14F985F000D62E24 /* Debug */ = {
			isa = XCBuildConfiguration;
			buildSettings = {
				ALWAYS_SEARCH_USER_PATHS = NO;
				ARCHS = "$(ARCHS_STANDARD_32_BIT)";
				CLANG_ENABLE_OBJC_ARC = YES;
				CLANG_WARN_OBJCPP_ARC_ABI = YES;
				"CODE_SIGN_IDENTITY[sdk=iphoneos*]" = "iPhone Developer";
				COPY_PHASE_STRIP = NO;
				GCC_C_LANGUAGE_STANDARD = gnu99;
				GCC_DYNAMIC_NO_PIC = NO;
				GCC_OPTIMIZATION_LEVEL = 0;
				GCC_PREPROCESSOR_DEFINITIONS = (
					"DEBUG=1",
					"$(inherited)",
				);
				GCC_SYMBOLS_PRIVATE_EXTERN = NO;
				GCC_VERSION = com.apple.compilers.llvm.clang.1_0;
				GCC_WARN_ABOUT_MISSING_PROTOTYPES = YES;
				GCC_WARN_ABOUT_RETURN_TYPE = YES;
				GCC_WARN_UNUSED_VARIABLE = YES;
				IPHONEOS_DEPLOYMENT_TARGET = 4.3;
				SDKROOT = iphoneos;
			};
			name = Debug;
		};
		C905245014F985F000D62E24 /* Release */ = {
			isa = XCBuildConfiguration;
			buildSettings = {
				ALWAYS_SEARCH_USER_PATHS = NO;
				ARCHS = "$(ARCHS_STANDARD_32_BIT)";
				CLANG_ENABLE_OBJC_ARC = YES;
				CLANG_WARN_OBJCPP_ARC_ABI = YES;
				"CODE_SIGN_IDENTITY[sdk=iphoneos*]" = "iPhone Developer";
				COPY_PHASE_STRIP = YES;
				GCC_C_LANGUAGE_STANDARD = gnu99;
				GCC_VERSION = com.apple.compilers.llvm.clang.1_0;
				GCC_WARN_ABOUT_MISSING_PROTOTYPES = YES;
				GCC_WARN_ABOUT_RETURN_TYPE = YES;
				GCC_WARN_UNUSED_VARIABLE = YES;
				IPHONEOS_DEPLOYMENT_TARGET = 4.3;
				OTHER_CFLAGS = "-DNS_BLOCK_ASSERTIONS=1";
				SDKROOT = iphoneos;
				VALIDATE_PRODUCT = YES;
			};
			name = Release;
		};
		C905245214F985F000D62E24 /* Debug */ = {
			isa = XCBuildConfiguration;
			buildSettings = {
				CLANG_ENABLE_OBJC_ARC = YES;
				CLANG_WARN_OBJCPP_ARC_ABI = YES;
				GCC_PRECOMPILE_PREFIX_HEADER = YES;
				GCC_PREFIX_HEADER = "PropertyApp/PropertyApp-Prefix.pch";
				INFOPLIST_FILE = "PropertyApp/PropertyApp-Info.plist";
				PRODUCT_NAME = "$(TARGET_NAME)";
				WRAPPER_EXTENSION = app;
			};
			name = Debug;
		};
		C905245314F985F000D62E24 /* Release */ = {
			isa = XCBuildConfiguration;
			buildSettings = {
				CLANG_ENABLE_OBJC_ARC = YES;
				CLANG_WARN_OBJCPP_ARC_ABI = YES;
				GCC_PRECOMPILE_PREFIX_HEADER = YES;
				GCC_PREFIX_HEADER = "PropertyApp/PropertyApp-Prefix.pch";
				INFOPLIST_FILE = "PropertyApp/PropertyApp-Info.plist";
				PRODUCT_NAME = "$(TARGET_NAME)";
				WRAPPER_EXTENSION = app;
			};
			name = Release;
		};
/* End XCBuildConfiguration section */

/* Begin XCConfigurationList section */
		C905243314F985F000D62E24 /* Build configuration list for PBXProject "PropertyApp" */ = {
			isa = XCConfigurationList;
			buildConfigurations = (
				C905244F14F985F000D62E24 /* Debug */,
				C905245014F985F000D62E24 /* Release */,
			);
			defaultConfigurationIsVisible = 0;
			defaultConfigurationName = Release;
		};
		C905245114F985F000D62E24 /* Build configuration list for PBXNativeTarget "PropertyApp" */ = {
			isa = XCConfigurationList;
			buildConfigurations = (
				C905245214F985F000D62E24 /* Debug */,
				C905245314F985F000D62E24 /* Release */,
			);
			defaultConfigurationIsVisible = 0;
			defaultConfigurationName = Release;
		};
/* End XCConfigurationList section */
	};
	rootObject = C905243014F985F000D62E24 /* Project object */;
}
